
Microsoft Visual Studio Solution File, Format Version 12.00
# Visual Studio Version 17
VisualStudioVersion = 17.3.32901.215
MinimumVisualStudioVersion = 10.0.40219.1
Project("{FAE04EC0-301F-11D3-BF4B-00C04F79EFBC}") = "TP01_2020", "TP01_2020\TP01_2020.csproj", "{5FAFB9D3-F7BD-4505-9DDB-05952FDCE6A0}"
EndProject
Global
	GlobalSection(SolutionConfigurationPlatforms) = preSolution
		Debug|Any CPU = Debug|Any CPU
		Release|Any CPU = Release|Any CPU
	EndGlobalSection
	GlobalSection(ProjectConfigurationPlatforms) = postSolution
		{5FAFB9D3-F7BD-4505-9DDB-05952FDCE6A0}.Debug|Any CPU.ActiveCfg = Debug|Any CPU
		{5FAFB9D3-F7BD-4505-9DDB-05952FDCE6A0}.Debug|Any CPU.Build.0 = Debug|Any CPU
		{5FAFB9D3-F7BD-4505-9DDB-05952FDCE6A0}.Release|Any CPU.ActiveCfg = Release|Any CPU
		{5FAFB9D3-F7BD-4505-9DDB-05952FDCE6A0}.Release|Any CPU.Build.0 = Release|Any CPU
	EndGlobalSection
	GlobalSection(SolutionProperties) = preSolution
		HideSolutionNode = FALSE
	EndGlobalSection
	GlobalSection(ExtensibilityGlobals) = postSolution
		SolutionGuid = {F67C7FC1-4F13-4F36-B171-41DED3BDA6EE}
	EndGlobalSection
EndGlobal
