
Microsoft Visual Studio Solution File, Format Version 12.00
# Visual Studio Version 17
VisualStudioVersion = 17.3.32901.215
MinimumVisualStudioVersion = 10.0.40219.1
Project("{FAE04EC0-301F-11D3-BF4B-00C04F79EFBC}") = "TP01_2019", "TP01_2019\TP01_2019.csproj", "{B47D7DC3-ED00-4F5C-9BD1-94849F21519A}"
EndProject
Global
	GlobalSection(SolutionConfigurationPlatforms) = preSolution
		Debug|Any CPU = Debug|Any CPU
		Release|Any CPU = Release|Any CPU
	EndGlobalSection
	GlobalSection(ProjectConfigurationPlatforms) = postSolution
		{B47D7DC3-ED00-4F5C-9BD1-94849F21519A}.Debug|Any CPU.ActiveCfg = Debug|Any CPU
		{B47D7DC3-ED00-4F5C-9BD1-94849F21519A}.Debug|Any CPU.Build.0 = Debug|Any CPU
		{B47D7DC3-ED00-4F5C-9BD1-94849F21519A}.Release|Any CPU.ActiveCfg = Release|Any CPU
		{B47D7DC3-ED00-4F5C-9BD1-94849F21519A}.Release|Any CPU.Build.0 = Release|Any CPU
	EndGlobalSection
	GlobalSection(SolutionProperties) = preSolution
		HideSolutionNode = FALSE
	EndGlobalSection
	GlobalSection(ExtensibilityGlobals) = postSolution
		SolutionGuid = {18D1C1AA-1B8F-46A7-97DE-37FE5D35A782}
	EndGlobalSection
EndGlobal
